
Microsoft Visual Studio Solution File, Format Version 12.00
# Visual Studio Version 17
VisualStudioVersion = 17.12.35209.166
MinimumVisualStudioVersion = 10.0.40219.1
Project("{FAE04EC0-301F-11D3-BF4B-00C04F79EFBC}") = "PokerCalculator", "PokerCalculator\PokerCalculator.csproj", "{7CF1736C-EBB4-4764-A465-714D6AF016E7}"
EndProject
Project("{FAE04EC0-301F-11D3-BF4B-00C04F79EFBC}") = "HandEvaluator", "PokerEval\src\PokerEval\HandEvaluator\HandEvaluator.csproj", "{0FF1776E-AA29-4FF9-AA24-CDB28A625903}"
EndProject
Global
	GlobalSection(SolutionConfigurationPlatforms) = preSolution
		Debug|Any CPU = Debug|Any CPU
		Release|Any CPU = Release|Any CPU
	EndGlobalSection
	GlobalSection(ProjectConfigurationPlatforms) = postSolution
		{7CF1736C-EBB4-4764-A465-714D6AF016E7}.Debug|Any CPU.ActiveCfg = Debug|Any CPU
		{7CF1736C-EBB4-4764-A465-714D6AF016E7}.Debug|Any CPU.Build.0 = Debug|Any CPU
		{7CF1736C-EBB4-4764-A465-714D6AF016E7}.Release|Any CPU.ActiveCfg = Release|Any CPU
		{7CF1736C-EBB4-4764-A465-714D6AF016E7}.Release|Any CPU.Build.0 = Release|Any CPU
		{0FF1776E-AA29-4FF9-AA24-CDB28A625903}.Debug|Any CPU.ActiveCfg = Debug|Any CPU
		{0FF1776E-AA29-4FF9-AA24-CDB28A625903}.Debug|Any CPU.Build.0 = Debug|Any CPU
		{0FF1776E-AA29-4FF9-AA24-CDB28A625903}.Release|Any CPU.ActiveCfg = Release|Any CPU
		{0FF1776E-AA29-4FF9-AA24-CDB28A625903}.Release|Any CPU.Build.0 = Release|Any CPU
	EndGlobalSection
	GlobalSection(SolutionProperties) = preSolution
		HideSolutionNode = FALSE
	EndGlobalSection
	GlobalSection(ExtensibilityGlobals) = postSolution
		SolutionGuid = {BD1F11E9-DAEF-42BA-A14E-71EB0F25EC21}
	EndGlobalSection
EndGlobal
